
Microsoft Visual Studio Solution File, Format Version 12.00
# Visual Studio 15
VisualStudioVersion = 15.0.26124.0
MinimumVisualStudioVersion = 15.0.26124.0
Project("{2150E333-8FDC-42A3-9474-1A3956D46DE8}") = "tests", "tests", "{533688E9-3CCF-4F3E-BD8F-5B0565C3D90A}"
EndProject
Project("{FAE04EC0-301F-11D3-BF4B-00C04F79EFBC}") = "Hornbill.Tests.CSharp", "tests\Hornbill.Tests.CSharp\Hornbill.Tests.CSharp.csproj", "{C8E45AE1-1524-4B2F-B6AB-AFD308D8FD80}"
EndProject
Project("{2150E333-8FDC-42A3-9474-1A3956D46DE8}") = "src", "src", "{9E8E2ABC-DAE2-4798-9780-F6AFD74293C8}"
EndProject
Project("{F2A71F9B-5D33-465A-A702-920D77279786}") = "Hornbill", "src\Hornbill\Hornbill.fsproj", "{86AD5842-F5A5-45A8-AD34-CDDCA8ACAA04}"
EndProject
Project("{FAE04EC0-301F-11D3-BF4B-00C04F79EFBC}") = "Hornbill.Tests.FSharp", "tests\Hornbill.Tests.FSharp\Hornbill.Tests.FSharp.fsproj", "{E97D4AFE-F663-4CDB-BC25-2244CF5D4C02}"
EndProject
Global
	GlobalSection(SolutionConfigurationPlatforms) = preSolution
		Debug|Any CPU = Debug|Any CPU
		Debug|x64 = Debug|x64
		Debug|x86 = Debug|x86
		Release|Any CPU = Release|Any CPU
		Release|x64 = Release|x64
		Release|x86 = Release|x86
	EndGlobalSection
	GlobalSection(SolutionProperties) = preSolution
		HideSolutionNode = FALSE
	EndGlobalSection
	GlobalSection(ProjectConfigurationPlatforms) = postSolution
		{C8E45AE1-1524-4B2F-B6AB-AFD308D8FD80}.Debug|Any CPU.ActiveCfg = Debug|Any CPU
		{C8E45AE1-1524-4B2F-B6AB-AFD308D8FD80}.Debug|Any CPU.Build.0 = Debug|Any CPU
		{C8E45AE1-1524-4B2F-B6AB-AFD308D8FD80}.Debug|x64.ActiveCfg = Debug|x64
		{C8E45AE1-1524-4B2F-B6AB-AFD308D8FD80}.Debug|x64.Build.0 = Debug|x64
		{C8E45AE1-1524-4B2F-B6AB-AFD308D8FD80}.Debug|x86.ActiveCfg = Debug|x86
		{C8E45AE1-1524-4B2F-B6AB-AFD308D8FD80}.Debug|x86.Build.0 = Debug|x86
		{C8E45AE1-1524-4B2F-B6AB-AFD308D8FD80}.Release|Any CPU.ActiveCfg = Release|Any CPU
		{C8E45AE1-1524-4B2F-B6AB-AFD308D8FD80}.Release|Any CPU.Build.0 = Release|Any CPU
		{C8E45AE1-1524-4B2F-B6AB-AFD308D8FD80}.Release|x64.ActiveCfg = Release|x64
		{C8E45AE1-1524-4B2F-B6AB-AFD308D8FD80}.Release|x64.Build.0 = Release|x64
		{C8E45AE1-1524-4B2F-B6AB-AFD308D8FD80}.Release|x86.ActiveCfg = Release|x86
		{C8E45AE1-1524-4B2F-B6AB-AFD308D8FD80}.Release|x86.Build.0 = Release|x86
		{86AD5842-F5A5-45A8-AD34-CDDCA8ACAA04}.Debug|Any CPU.ActiveCfg = Debug|Any CPU
		{86AD5842-F5A5-45A8-AD34-CDDCA8ACAA04}.Debug|Any CPU.Build.0 = Debug|Any CPU
		{86AD5842-F5A5-45A8-AD34-CDDCA8ACAA04}.Debug|x64.ActiveCfg = Debug|x64
		{86AD5842-F5A5-45A8-AD34-CDDCA8ACAA04}.Debug|x64.Build.0 = Debug|x64
		{86AD5842-F5A5-45A8-AD34-CDDCA8ACAA04}.Debug|x86.ActiveCfg = Debug|x86
		{86AD5842-F5A5-45A8-AD34-CDDCA8ACAA04}.Debug|x86.Build.0 = Debug|x86
		{86AD5842-F5A5-45A8-AD34-CDDCA8ACAA04}.Release|Any CPU.ActiveCfg = Release|Any CPU
		{86AD5842-F5A5-45A8-AD34-CDDCA8ACAA04}.Release|Any CPU.Build.0 = Release|Any CPU
		{86AD5842-F5A5-45A8-AD34-CDDCA8ACAA04}.Release|x64.ActiveCfg = Release|x64
		{86AD5842-F5A5-45A8-AD34-CDDCA8ACAA04}.Release|x64.Build.0 = Release|x64
		{86AD5842-F5A5-45A8-AD34-CDDCA8ACAA04}.Release|x86.ActiveCfg = Release|x86
		{86AD5842-F5A5-45A8-AD34-CDDCA8ACAA04}.Release|x86.Build.0 = Release|x86
		{E97D4AFE-F663-4CDB-BC25-2244CF5D4C02}.Debug|Any CPU.ActiveCfg = Debug|Any CPU
		{E97D4AFE-F663-4CDB-BC25-2244CF5D4C02}.Debug|Any CPU.Build.0 = Debug|Any CPU
		{E97D4AFE-F663-4CDB-BC25-2244CF5D4C02}.Debug|x64.ActiveCfg = Debug|x64
		{E97D4AFE-F663-4CDB-BC25-2244CF5D4C02}.Debug|x64.Build.0 = Debug|x64
		{E97D4AFE-F663-4CDB-BC25-2244CF5D4C02}.Debug|x86.ActiveCfg = Debug|x86
		{E97D4AFE-F663-4CDB-BC25-2244CF5D4C02}.Debug|x86.Build.0 = Debug|x86
		{E97D4AFE-F663-4CDB-BC25-2244CF5D4C02}.Release|Any CPU.ActiveCfg = Release|Any CPU
		{E97D4AFE-F663-4CDB-BC25-2244CF5D4C02}.Release|Any CPU.Build.0 = Release|Any CPU
		{E97D4AFE-F663-4CDB-BC25-2244CF5D4C02}.Release|x64.ActiveCfg = Release|x64
		{E97D4AFE-F663-4CDB-BC25-2244CF5D4C02}.Release|x64.Build.0 = Release|x64
		{E97D4AFE-F663-4CDB-BC25-2244CF5D4C02}.Release|x86.ActiveCfg = Release|x86
		{E97D4AFE-F663-4CDB-BC25-2244CF5D4C02}.Release|x86.Build.0 = Release|x86
	EndGlobalSection
	GlobalSection(NestedProjects) = preSolution
		{C8E45AE1-1524-4B2F-B6AB-AFD308D8FD80} = {533688E9-3CCF-4F3E-BD8F-5B0565C3D90A}
		{86AD5842-F5A5-45A8-AD34-CDDCA8ACAA04} = {9E8E2ABC-DAE2-4798-9780-F6AFD74293C8}
		{E97D4AFE-F663-4CDB-BC25-2244CF5D4C02} = {533688E9-3CCF-4F3E-BD8F-5B0565C3D90A}
	EndGlobalSection
EndGlobal
